// !$*UTF8*$!
{
	archiveVersion = 1;
	classes = {
	};
	objectVersion = 46;
	objects = {

/* Begin PBXBuildFile section */
		136747851C3152DD0052C28A /* AppDelegate.swift in Sources */ = {isa = PBXBuildFile; fileRef = 136747841C3152DD0052C28A /* AppDelegate.swift */; };
		136747871C3152DD0052C28A /* ViewController.swift in Sources */ = {isa = PBXBuildFile; fileRef = 136747861C3152DD0052C28A /* ViewController.swift */; };
		1367478A1C3152DD0052C28A /* Main.storyboard in Resources */ = {isa = PBXBuildFile; fileRef = 136747881C3152DD0052C28A /* Main.storyboard */; };
		1367478C1C3152DD0052C28A /* Assets.xcassets in Resources */ = {isa = PBXBuildFile; fileRef = 1367478B1C3152DD0052C28A /* Assets.xcassets */; };
		1367478F1C3152DD0052C28A /* LaunchScreen.storyboard in Resources */ = {isa = PBXBuildFile; fileRef = 1367478D1C3152DD0052C28A /* LaunchScreen.storyboard */; };
/* End PBXBuildFile section */

/* Begin PBXFileReference section */
		136747811C3152DD0052C28A /* Retro Calculator.app */ = {isa = PBXFileReference; explicitFileType = wrapper.application; includeInIndex = 0; path = "Retro Calculator.app"; sourceTree = BUILT_PRODUCTS_DIR; };
		136747841C3152DD0052C28A /* AppDelegate.swift */ = {isa = PBXFileReference; lastKnownFileType = sourcecode.swift; path = AppDelegate.swift; sourceTree = "<group>"; };
		136747861C3152DD0052C28A /* ViewController.swift */ = {isa = PBXFileReference; lastKnownFileType = sourcecode.swift; path = ViewController.swift; sourceTree = "<group>"; };
		136747891C3152DD0052C28A /* Base */ = {isa = PBXFileReference; lastKnownFileType = file.storyboard; name = Base; path = Base.lproj/Main.storyboard; sourceTree = "<group>"; };
		1367478B1C3152DD0052C28A /* Assets.xcassets */ = {isa = PBXFileReference; lastKnownFileType = folder.assetcatalog; path = Assets.xcassets; sourceTree = "<group>"; };
		1367478E1C3152DD0052C28A /* Base */ = {isa = PBXFileReference; lastKnownFileType = file.storyboard; name = Base; path = Base.lproj/LaunchScreen.storyboard; sourceTree = "<group>"; };
		136747901C3152DD0052C28A /* Info.plist */ = {isa = PBXFileReference; lastKnownFileType = text.plist.xml; path = Info.plist; sourceTree = "<group>"; };
/* End PBXFileReference section */

/* Begin PBXFrameworksBuildPhase section */
		1367477E1C3152DD0052C28A /* Frameworks */ = {
			isa = PBXFrameworksBuildPhase;
			buildActionMask = 2147483647;
			files = (
			);
			runOnlyForDeploymentPostprocessing = 0;
		};
/* End PBXFrameworksBuildPhase section */

/* Begin PBXGroup section */
		136747781C3152DD0052C28A = {
			isa = PBXGroup;
			children = (
				136747831C3152DD0052C28A /* Retro Calculator */,
				136747821C3152DD0052C28A /* Products */,
			);
			sourceTree = "<group>";
		};
		136747821C3152DD0052C28A /* Products */ = {
			isa = PBXGroup;
			children = (
				136747811C3152DD0052C28A /* Retro Calculator.app */,
			);
			name = Products;
			sourceTree = "<group>";
		};
		136747831C3152DD0052C28A /* Retro Calculator */ = {
			isa = PBXGroup;
			children = (
				136747841C3152DD0052C28A /* AppDelegate.swift */,
				136747861C3152DD0052C28A /* ViewController.swift */,
				136747881C3152DD0052C28A /* Main.storyboard */,
				1367478B1C3152DD0052C28A /* Assets.xcassets */,
				1367478D1C3152DD0052C28A /* LaunchScreen.storyboard */,
				136747901C3152DD0052C28A /* Info.plist */,
			);
			path = "Retro Calculator";
			sourceTree = "<group>";
		};
/* End PBXGroup section */

/* Begin PBXNativeTarget section */
		136747801C3152DD0052C28A /* Retro Calculator */ = {
			isa = PBXNativeTarget;
			buildConfigurationList = 136747931C3152DD0052C28A /* Build configuration list for PBXNativeTarget "Retro Calculator" */;
			buildPhases = (
				1367477D1C3152DD0052C28A /* Sources */,
				1367477E1C3152DD0052C28A /* Frameworks */,
				1367477F1C3152DD0052C28A /* Resources */,
			);
			buildRules = (
			);
			dependencies = (
			);
			name = "Retro Calculator";
			productName = "Retro Calculator";
			productReference = 136747811C3152DD0052C28A /* Retro Calculator.app */;
			productType = "com.apple.product-type.application";
		};
/* End PBXNativeTarget section */

/* Begin PBXProject section */
		136747791C3152DD0052C28A /* Project object */ = {
			isa = PBXProject;
			attributes = {
				LastSwiftUpdateCheck = 0720;
				LastUpgradeCheck = 0720;
				ORGANIZATIONNAME = Richie;
				TargetAttributes = {
					136747801C3152DD0052C28A = {
						CreatedOnToolsVersion = 7.2;
					};
				};
			};
			buildConfigurationList = 1367477C1C3152DD0052C28A /* Build configuration list for PBXProject "Retro Calculator" */;
			compatibilityVersion = "Xcode 3.2";
			developmentRegion = English;
			hasScannedForEncodings = 0;
			knownRegions = (
				en,
				Base,
			);
			mainGroup = 136747781C3152DD0052C28A;
			productRefGroup = 136747821C3152DD0052C28A /* Products */;
			projectDirPath = "";
			projectRoot = "";
			targets = (
				136747801C3152DD0052C28A /* Retro Calculator */,
			);
		};
/* End PBXProject section */

/* Begin PBXResourcesBuildPhase section */
		1367477F1C3152DD0052C28A /* Resources */ = {
			isa = PBXResourcesBuildPhase;
			buildActionMask = 2147483647;
			files = (
				1367478F1C3152DD0052C28A /* LaunchScreen.storyboard in Resources */,
				1367478C1C3152DD0052C28A /* Assets.xcassets in Resources */,
				1367478A1C3152DD0052C28A /* Main.storyboard in Resources */,
			);
			runOnlyForDeploymentPostprocessing = 0;
		};
/* End PBXResourcesBuildPhase section */

/* Begin PBXSourcesBuildPhase section */
		1367477D1C3152DD0052C28A /* Sources */ = {
			isa = PBXSourcesBuildPhase;
			buildActionMask = 2147483647;
			files = (
				136747871C3152DD0052C28A /* ViewController.swift in Sources */,
				136747851C3152DD0052C28A /* AppDelegate.swift in Sources */,
			);
			runOnlyForDeploymentPostprocessing = 0;
		};
/* End PBXSourcesBuildPhase section */

/* Begin PBXVariantGroup section */
		136747881C3152DD0052C28A /* Main.storyboard */ = {
			isa = PBXVariantGroup;
			children = (
				136747891C3152DD0052C28A /* Base */,
			);
			name = Main.storyboard;
			sourceTree = "<group>";
		};
		1367478D1C3152DD0052C28A /* LaunchScreen.storyboard */ = {
			isa = PBXVariantGroup;
			children = (
				1367478E1C3152DD0052C28A /* Base */,
			);
			name = LaunchScreen.storyboard;
			sourceTree = "<group>";
		};
/* End PBXVariantGroup section */

/* Begin XCBuildConfiguration section */
		136747911C3152DD0052C28A /* Debug */ = {
			isa = XCBuildConfiguration;
			buildSettings = {
				ALWAYS_SEARCH_USER_PATHS = NO;
				CLANG_CXX_LANGUAGE_STANDARD = "gnu++0x";
				CLANG_CXX_LIBRARY = "libc++";
				CLANG_ENABLE_MODULES = YES;
				CLANG_ENABLE_OBJC_ARC = YES;
				CLANG_WARN_BOOL_CONVERSION = YES;
				CLANG_WARN_CONSTANT_CONVERSION = YES;
				CLANG_WARN_DIRECT_OBJC_ISA_USAGE = YES_ERROR;
				CLANG_WARN_EMPTY_BODY = YES;
				CLANG_WARN_ENUM_CONVERSION = YES;
				CLANG_WARN_INT_CONVERSION = YES;
				CLANG_WARN_OBJC_ROOT_CLASS = YES_ERROR;
				CLANG_WARN_UNREACHABLE_CODE = YES;
				CLANG_WARN__DUPLICATE_METHOD_MATCH = YES;
				"CODE_SIGN_IDENTITY[sdk=iphoneos*]" = "iPhone Developer";
				COPY_PHASE_STRIP = NO;
				DEBUG_INFORMATION_FORMAT = dwarf;
				ENABLE_STRICT_OBJC_MSGSEND = YES;
				ENABLE_TESTABILITY = YES;
				GCC_C_LANGUAGE_STANDARD = gnu99;
				GCC_DYNAMIC_NO_PIC = NO;
				GCC_NO_COMMON_BLOCKS = YES;
				GCC_OPTIMIZATION_LEVEL = 0;
				GCC_PREPROCESSOR_DEFINITIONS = (
					"DEBUG=1",
					"$(inherited)",
				);
				GCC_WARN_64_TO_32_BIT_CONVERSION = YES;
				GCC_WARN_ABOUT_RETURN_TYPE = YES_ERROR;
				GCC_WARN_UNDECLARED_SELECTOR = YES;
				GCC_WARN_UNINITIALIZED_AUTOS = YES_AGGRESSIVE;
				GCC_WARN_UNUSED_FUNCTION = YES;
				GCC_WARN_UNUSED_VARIABLE = YES;
				IPHONEOS_DEPLOYMENT_TARGET = 9.2;
				MTL_ENABLE_DEBUG_INFO = YES;
				ONLY_ACTIVE_ARCH = YES;
				SDKROOT = iphoneos;
				SWIFT_OPTIMIZATION_LEVEL = "-Onone";
				TARGETED_DEVICE_FAMILY = "1,2";
			};
			name = Debug;
		};
		136747921C3152DD0052C28A /* Release */ = {
			isa = XCBuildConfiguration;
			buildSettings = {
				ALWAYS_SEARCH_USER_PATHS = NO;
				CLANG_CXX_LANGUAGE_STANDARD = "gnu++0x";
				CLANG_CXX_LIBRARY = "libc++";
				CLANG_ENABLE_MODULES = YES;
				CLANG_ENABLE_OBJC_ARC = YES;
				CLANG_WARN_BOOL_CONVERSION = YES;
				CLANG_WARN_CONSTANT_CONVERSION = YES;
				CLANG_WARN_DIRECT_OBJC_ISA_USAGE = YES_ERROR;
				CLANG_WARN_EMPTY_BODY = YES;
				CLANG_WARN_ENUM_CONVERSION = YES;
				CLANG_WARN_INT_CONVERSION = YES;
				CLANG_WARN_OBJC_ROOT_CLASS = YES_ERROR;
				CLANG_WARN_UNREACHABLE_CODE = YES;
				CLANG_WARN__DUPLICATE_METHOD_MATCH = YES;
				"CODE_SIGN_IDENTITY[sdk=iphoneos*]" = "iPhone Developer";
				COPY_PHASE_STRIP = NO;
				DEBUG_INFORMATION_FORMAT = "dwarf-with-dsym";
				ENABLE_NS_ASSERTIONS = NO;
				ENABLE_STRICT_OBJC_MSGSEND = YES;
				GCC_C_LANGUAGE_STANDARD = gnu99;
				GCC_NO_COMMON_BLOCKS = YES;
				GCC_WARN_64_TO_32_BIT_CONVERSION = YES;
				GCC_WARN_ABOUT_RETURN_TYPE = YES_ERROR;
				GCC_WARN_UNDECLARED_SELECTOR = YES;
				GCC_WARN_UNINITIALIZED_AUTOS = YES_AGGRESSIVE;
				GCC_WARN_UNUSED_FUNCTION = YES;
				GCC_WARN_UNUSED_VARIABLE = YES;
				IPHONEOS_DEPLOYMENT_TARGET = 9.2;
				MTL_ENABLE_DEBUG_INFO = NO;
				SDKROOT = iphoneos;
				TARGETED_DEVICE_FAMILY = "1,2";
				VALIDATE_PRODUCT = YES;
			};
			name = Release;
		};
		136747941C3152DD0052C28A /* Debug */ = {
			isa = XCBuildConfiguration;
			buildSettings = {
				ASSETCATALOG_COMPILER_APPICON_NAME = AppIcon;
				INFOPLIST_FILE = "Retro Calculator/Info.plist";
				LD_RUNPATH_SEARCH_PATHS = "$(inherited) @executable_path/Frameworks";
				PRODUCT_BUNDLE_IDENTIFIER = "me.rk1.Retro-Calculator";
				PRODUCT_NAME = "$(TARGET_NAME)";
			};
			name = Debug;
		};
		136747951C3152DD0052C28A /* Release */ = {
			isa = XCBuildConfiguration;
			buildSettings = {
				ASSETCATALOG_COMPILER_APPICON_NAME = AppIcon;
				INFOPLIST_FILE = "Retro Calculator/Info.plist";
				LD_RUNPATH_SEARCH_PATHS = "$(inherited) @executable_path/Frameworks";
				PRODUCT_BUNDLE_IDENTIFIER = "me.rk1.Retro-Calculator";
				PRODUCT_NAME = "$(TARGET_NAME)";
			};
			name = Release;
		};
/* End XCBuildConfiguration section */

/* Begin XCConfigurationList section */
		1367477C1C3152DD0052C28A /* Build configuration list for PBXProject "Retro Calculator" */ = {
			isa = XCConfigurationList;
			buildConfigurations = (
				136747911C3152DD0052C28A /* Debug */,
				136747921C3152DD0052C28A /* Release */,
			);
			defaultConfigurationIsVisible = 0;
			defaultConfigurationName = Release;
		};
		136747931C3152DD0052C28A /* Build configuration list for PBXNativeTarget "Retro Calculator" */ = {
			isa = XCConfigurationList;
			buildConfigurations = (
				136747941C3152DD0052C28A /* Debug */,
				136747951C3152DD0052C28A /* Release */,
			);
			defaultConfigurationIsVisible = 0;
		};
/* End XCConfigurationList section */
	};
	rootObject = 136747791C3152DD0052C28A /* Project object */;
}
